NeoBundleLock neocomplete 52a60446cc3703dead4fd9b06866931457a80f6f
NeoBundleLock neosnippet 35ec5dcde26da9e069be350e52c4322c7f4b8d3a
NeoBundleLock neosnippet-snippets 0dd4b86088c9162492411d4ec40a64fe369c4396
NeoBundleLock nerdtree 0b44415a3302030b56755cc1135ca9ca57dc1ada
NeoBundleLock vim-endwise f06abe3d6eca6f6ebfc31ea3163a51575f450df6
